
Microsoft Visual Studio Solution File, Format Version 12.00
# Visual Studio Version 17
VisualStudioVersion = 17.0.31919.166
MinimumVisualStudioVersion = 10.0.40219.1
Project("{FAE04EC0-301F-11D3-BF4B-00C04F79EFBC}") = "InAndOut", "InAndOut\InAndOut.csproj", "{75F57AA2-DA6C-4C8E-8176-A032F940C5E6}"
EndProject
Global
	GlobalSection(SolutionConfigurationPlatforms) = preSolution
		Debug|Any CPU = Debug|Any CPU
		Release|Any CPU = Release|Any CPU
	EndGlobalSection
	GlobalSection(ProjectConfigurationPlatforms) = postSolution
		{75F57AA2-DA6C-4C8E-8176-A032F940C5E6}.Debug|Any CPU.ActiveCfg = Debug|Any CPU
		{75F57AA2-DA6C-4C8E-8176-A032F940C5E6}.Debug|Any CPU.Build.0 = Debug|Any CPU
		{75F57AA2-DA6C-4C8E-8176-A032F940C5E6}.Release|Any CPU.ActiveCfg = Release|Any CPU
		{75F57AA2-DA6C-4C8E-8176-A032F940C5E6}.Release|Any CPU.Build.0 = Release|Any CPU
	EndGlobalSection
	GlobalSection(SolutionProperties) = preSolution
		HideSolutionNode = FALSE
	EndGlobalSection
	GlobalSection(ExtensibilityGlobals) = postSolution
		SolutionGuid = {4F5CF636-6B46-46FF-88FA-10E5E770A490}
	EndGlobalSection
EndGlobal
