
Microsoft Visual Studio Solution File, Format Version 12.00
# Visual Studio Version 17
VisualStudioVersion = 17.1.32319.34
MinimumVisualStudioVersion = 10.0.40219.1
Project("{FAE04EC0-301F-11D3-BF4B-00C04F79EFBC}") = "HostedService.Api", "HostedService.Api\HostedService.Api.csproj", "{A5036A93-96DB-4AF9-8C7B-8DC629D41AD7}"
EndProject
Global
	GlobalSection(SolutionConfigurationPlatforms) = preSolution
		Debug|Any CPU = Debug|Any CPU
		Release|Any CPU = Release|Any CPU
	EndGlobalSection
	GlobalSection(ProjectConfigurationPlatforms) = postSolution
		{A5036A93-96DB-4AF9-8C7B-8DC629D41AD7}.Debug|Any CPU.ActiveCfg = Debug|Any CPU
		{A5036A93-96DB-4AF9-8C7B-8DC629D41AD7}.Debug|Any CPU.Build.0 = Debug|Any CPU
		{A5036A93-96DB-4AF9-8C7B-8DC629D41AD7}.Release|Any CPU.ActiveCfg = Release|Any CPU
		{A5036A93-96DB-4AF9-8C7B-8DC629D41AD7}.Release|Any CPU.Build.0 = Release|Any CPU
	EndGlobalSection
	GlobalSection(SolutionProperties) = preSolution
		HideSolutionNode = FALSE
	EndGlobalSection
	GlobalSection(ExtensibilityGlobals) = postSolution
		SolutionGuid = {7BC4CE40-AD2D-445A-9376-D4FE0B07C436}
	EndGlobalSection
EndGlobal
